
Microsoft Visual Studio Solution File, Format Version 12.00
# Visual Studio 15
VisualStudioVersion = 15.0.28307.902
MinimumVisualStudioVersion = 10.0.40219.1
Project("{FAE04EC0-301F-11D3-BF4B-00C04F79EFBC}") = "Mocnina metoda", "Mocnina metoda\Mocnina metoda.csproj", "{7DC0026E-DD0B-4FE6-A161-1A458E88236B}"
EndProject
Global
	GlobalSection(SolutionConfigurationPlatforms) = preSolution
		Debug|Any CPU = Debug|Any CPU
		Release|Any CPU = Release|Any CPU
	EndGlobalSection
	GlobalSection(ProjectConfigurationPlatforms) = postSolution
		{7DC0026E-DD0B-4FE6-A161-1A458E88236B}.Debug|Any CPU.ActiveCfg = Debug|Any CPU
		{7DC0026E-DD0B-4FE6-A161-1A458E88236B}.Debug|Any CPU.Build.0 = Debug|Any CPU
		{7DC0026E-DD0B-4FE6-A161-1A458E88236B}.Release|Any CPU.ActiveCfg = Release|Any CPU
		{7DC0026E-DD0B-4FE6-A161-1A458E88236B}.Release|Any CPU.Build.0 = Release|Any CPU
	EndGlobalSection
	GlobalSection(SolutionProperties) = preSolution
		HideSolutionNode = FALSE
	EndGlobalSection
	GlobalSection(ExtensibilityGlobals) = postSolution
		SolutionGuid = {7BECAD34-33FE-4554-A4F6-A4230D46DB13}
	EndGlobalSection
EndGlobal
